{
  "requires": true,
  "lockfileVersion": 1,
  "dependencies": {
    "html5-qrcode": {
      "version": "1.1.7",
      "resolved": "https://registry.npmjs.org/html5-qrcode/-/html5-qrcode-1.1.7.tgz",
      "integrity": "sha512-cGnAPWdLsVJcMllPKRXLyoIuCHwYfHRb6KBj2iom9rAgDSH0Z+K6ph0qGMhnR9/YLQsC5vFEh313S3vscUnH3Q=="
    },
    "jquery": {
      "version": "3.5.1",
      "resolved": "https://registry.npmjs.org/jquery/-/jquery-3.5.1.tgz",
      "integrity": "sha512-XwIBPqcMn57FxfT+Go5pzySnm4KWkT1Tv7gjrpT1srtf8Weynl6R273VJ5GjkRb51IzMp5nbaPjJXMWeju2MKg=="
    }
  }
}
